
Microsoft Visual Studio Solution File, Format Version 12.00
# Visual Studio Version 16
VisualStudioVersion = 16.0.29215.179
MinimumVisualStudioVersion = 10.0.40219.1
Project("{8BC9CEB8-8B4A-11D0-8D11-00A0C91BC942}") = "SimpleBlack", "SimpleBlack.vcxproj", "{CDDEFAA3-EC6F-49E7-AB1B-4F96B19CCCA2}"
EndProject
Global
	GlobalSection(SolutionConfigurationPlatforms) = preSolution
		Debug|x64 = Debug|x64
		Debug|x86 = Debug|x86
		Release|x64 = Release|x64
		Release|x86 = Release|x86
	EndGlobalSection
	GlobalSection(ProjectConfigurationPlatforms) = postSolution
		{CDDEFAA3-EC6F-49E7-AB1B-4F96B19CCCA2}.Debug|x64.ActiveCfg = Debug|x64
		{CDDEFAA3-EC6F-49E7-AB1B-4F96B19CCCA2}.Debug|x64.Build.0 = Debug|x64
		{CDDEFAA3-EC6F-49E7-AB1B-4F96B19CCCA2}.Debug|x86.ActiveCfg = Debug|Win32
		{CDDEFAA3-EC6F-49E7-AB1B-4F96B19CCCA2}.Debug|x86.Build.0 = Debug|Win32
		{CDDEFAA3-EC6F-49E7-AB1B-4F96B19CCCA2}.Release|x64.ActiveCfg = Release|x64
		{CDDEFAA3-EC6F-49E7-AB1B-4F96B19CCCA2}.Release|x64.Build.0 = Release|x64
		{CDDEFAA3-EC6F-49E7-AB1B-4F96B19CCCA2}.Release|x86.ActiveCfg = Release|Win32
		{CDDEFAA3-EC6F-49E7-AB1B-4F96B19CCCA2}.Release|x86.Build.0 = Release|Win32
	EndGlobalSection
	GlobalSection(SolutionProperties) = preSolution
		HideSolutionNode = FALSE
	EndGlobalSection
	GlobalSection(ExtensibilityGlobals) = postSolution
		SolutionGuid = {44051511-E79F-4985-83DE-903D5873CA98}
	EndGlobalSection
EndGlobal
